
Microsoft Visual Studio Solution File, Format Version 12.00
# Visual Studio Version 18
VisualStudioVersion = 18.3.11520.95
MinimumVisualStudioVersion = 10.0.40219.1
Project("{FAE04EC0-301F-11D3-BF4B-00C04F79EFBC}") = "YarpApiGateway", "src\ApiGateway\YarpApiGateway\YarpApiGateway.csproj", "{4CFE1B1D-0EDF-4A70-AD8C-410A27196EF5}"
EndProject
Project("{FAE04EC0-301F-11D3-BF4B-00C04F79EFBC}") = "Lab.Application", "src\Services\Lab\Core\Lab.Application\Lab.Application.csproj", "{0A798A22-9107-4A78-A19D-D59F5D06DD46}"
EndProject
Project("{FAE04EC0-301F-11D3-BF4B-00C04F79EFBC}") = "Lab.Infrastructure", "src\Services\Lab\Core\Lab.Infrastructure\Lab.Infrastructure.csproj", "{670BC7AD-4F45-4247-8FD2-4D8E81A7357A}"
EndProject
Project("{FAE04EC0-301F-11D3-BF4B-00C04F79EFBC}") = "Lab.Domain", "src\Services\Lab\Core\Lab.Domain\Lab.Domain.csproj", "{ECD80DB3-7605-4C5C-9D87-EFD6C785063C}"
EndProject
Project("{FAE04EC0-301F-11D3-BF4B-00C04F79EFBC}") = "Common", "src\Shared\Common\Common.csproj", "{6148ABA2-E0FD-4A7C-9F0C-E78D9BF86915}"
EndProject
Project("{FAE04EC0-301F-11D3-BF4B-00C04F79EFBC}") = "BuildingBlocks", "src\Shared\BuildingBlocks\BuildingBlocks.csproj", "{E81148F5-6A52-4388-B2D0-3C2BFD556361}"
EndProject
Project("{FAE04EC0-301F-11D3-BF4B-00C04F79EFBC}") = "EventSourcing", "src\Shared\EventSourcing\EventSourcing.csproj", "{7DDCD411-3FC9-44A7-B632-5F429315734A}"
EndProject
Project("{FAE04EC0-301F-11D3-BF4B-00C04F79EFBC}") = "Contracts", "src\Shared\Contracts\Contracts.csproj", "{2DD39645-7E84-4B8D-966E-3397D736E125}"
EndProject
Project("{FAE04EC0-301F-11D3-BF4B-00C04F79EFBC}") = "Lab.Api", "src\Services\Lab\Api\Lab.Api\Lab.Api.csproj", "{DCA575CF-398C-4FE6-963E-37CEA9959D87}"
EndProject
Project("{FAE04EC0-301F-11D3-BF4B-00C04F79EFBC}") = "Management.Api", "src\Services\Management\Api\Management.Api\Management.Api.csproj", "{80D8804E-B4DF-4B05-AD8D-4D52705EAD50}"
EndProject
Project("{FAE04EC0-301F-11D3-BF4B-00C04F79EFBC}") = "Management.Domain", "src\Services\Management\Core\Management.Domain\Management.Domain.csproj", "{0B0A2C7B-775C-4AA5-BB8D-2BF4E78302AE}"
EndProject
Project("{FAE04EC0-301F-11D3-BF4B-00C04F79EFBC}") = "Management.Infrastructure", "src\Services\Management\Core\Management.Infrastructure\Management.Infrastructure.csproj", "{8005893A-E766-4BC1-8238-F497CC70C1FB}"
EndProject
Project("{FAE04EC0-301F-11D3-BF4B-00C04F79EFBC}") = "Management.Application", "src\Services\Management\Core\Management.Application\Management.Application.csproj", "{0A23C9ED-1468-45FA-9501-05A97590176B}"
EndProject
Project("{2150E333-8FDC-42A3-9474-1A3956D46DE8}") = "src", "src", "{827E0CD3-B72D-47B6-A68D-7590B98EB39B}"
EndProject
Project("{2150E333-8FDC-42A3-9474-1A3956D46DE8}") = "Services", "Services", "{984BB9B3-3FA3-BE33-9484-CAC21695A33C}"
EndProject
Project("{2150E333-8FDC-42A3-9474-1A3956D46DE8}") = "User", "User", "{6792783D-ADFB-1DC9-8301-92642CD8F804}"
EndProject
Project("{2150E333-8FDC-42A3-9474-1A3956D46DE8}") = "Core", "Core", "{D17CA0C3-8572-91F2-E032-9B245F02DB45}"
EndProject
Project("{FAE04EC0-301F-11D3-BF4B-00C04F79EFBC}") = "User.Domain", "src\Services\User\Core\User.Domain\User.Domain.csproj", "{DF626DFC-17B7-42BF-9272-D368179E2856}"
EndProject
Project("{FAE04EC0-301F-11D3-BF4B-00C04F79EFBC}") = "User.Infrastructure", "src\Services\User\Core\User.Infrastructure\User.Infrastructure.csproj", "{8CEA095F-CE70-4328-A9DB-736A0BB4AC5D}"
EndProject
Project("{FAE04EC0-301F-11D3-BF4B-00C04F79EFBC}") = "User.Application", "src\Services\User\Core\User.Application\User.Application.csproj", "{A1B2C3D4-E5F6-4789-A1B2-C3D4E5F67890}"
EndProject
Project("{2150E333-8FDC-42A3-9474-1A3956D46DE8}") = "Api", "Api", "{3815B181-15B7-E621-26BA-808A8A08B566}"
EndProject
Project("{FAE04EC0-301F-11D3-BF4B-00C04F79EFBC}") = "User.Api", "src\Services\User\Api\User.Api\User.Api.csproj", "{B2C3D4E5-F678-4901-B2C3-D4E5F6789012}"
EndProject
Project("{2150E333-8FDC-42A3-9474-1A3956D46DE8}") = "Lab", "Lab", "{AFE8CD67-B26D-8F4B-4535-AF13193733A8}"
EndProject
Project("{2150E333-8FDC-42A3-9474-1A3956D46DE8}") = "Worker", "Worker", "{D05A3A3E-3897-CABB-D667-3A508A92B4D7}"
EndProject
Project("{FAE04EC0-301F-11D3-BF4B-00C04F79EFBC}") = "Lab.Worker.Outbox", "src\Services\Lab\Worker\Lab.Worker.Outbox\Lab.Worker.Outbox.csproj", "{AA435EC4-FF37-43CA-B9EC-050EB7449181}"
EndProject
Project("{2150E333-8FDC-42A3-9474-1A3956D46DE8}") = "Tests", "Tests", "{24C44B4A-52DA-F65B-C88B-71BAE197BE75}"
EndProject
Project("{FAE04EC0-301F-11D3-BF4B-00C04F79EFBC}") = "User.Application.Tests", "src\Services\User\Tests\User.Application.Tests\User.Application.Tests.csproj", "{C4B96380-DC12-41F5-8727-4C1DC7F8EA98}"
EndProject
Project("{FAE04EC0-301F-11D3-BF4B-00C04F79EFBC}") = "User.Domain.Tests", "src\Services\User\Tests\User.Domain.Tests\User.Domain.Tests.csproj", "{D8FF2E76-72C1-4D55-B428-65EB48A369A8}"
EndProject
Project("{FAE04EC0-301F-11D3-BF4B-00C04F79EFBC}") = "User.Infrastructure.Tests", "src\Services\User\Tests\User.Infrastructure.Tests\User.Infrastructure.Tests.csproj", "{CA5792EF-DAEA-49BC-B74C-514A9E003A94}"
EndProject
Project("{FAE04EC0-301F-11D3-BF4B-00C04F79EFBC}") = "User.Api.Tests", "src\Services\User\Tests\User.Api.Tests\User.Api.Tests.csproj", "{14783A2C-8C78-4729-8275-0BBE372047F1}"
EndProject
Project("{2150E333-8FDC-42A3-9474-1A3956D46DE8}") = "Management", "Management", "{FD472708-129A-5659-8362-23125246BE2E}"
EndProject
Project("{2150E333-8FDC-42A3-9474-1A3956D46DE8}") = "Tests", "Tests", "{144F4664-6A9C-A880-71E9-6C3025B13875}"
EndProject
Project("{FAE04EC0-301F-11D3-BF4B-00C04F79EFBC}") = "Management.Domain.Tests", "src\Services\Management\Tests\Management.Domain.Tests\Management.Domain.Tests.csproj", "{E63ACAC3-80EB-4414-A1F3-9E87665C7848}"
EndProject
Project("{2150E333-8FDC-42A3-9474-1A3956D46DE8}") = "Core", "Core", "{ADA7111A-2B9E-DB65-D23E-76E53A79D7B0}"
EndProject
Project("{FAE04EC0-301F-11D3-BF4B-00C04F79EFBC}") = "Management.Application.Tests", "src\Services\Management\Tests\Management.Application.Tests\Management.Application.Tests.csproj", "{198B059F-A334-472E-B367-F80282FC954E}"
EndProject
Project("{FAE04EC0-301F-11D3-BF4B-00C04F79EFBC}") = "Management.Infrastructure.Tests", "src\Services\Management\Tests\Management.Infrastructure.Tests\Management.Infrastructure.Tests.csproj", "{AAD41E76-16C1-48B7-A422-1D3F6E3DFCCF}"
EndProject
Project("{FAE04EC0-301F-11D3-BF4B-00C04F79EFBC}") = "Management.Api.Tests", "src\Services\Management\Tests\Management.Api.Tests\Management.Api.Tests.csproj", "{AE2A0931-14F6-4D74-844F-A2497C4F3163}"
EndProject
Project("{2150E333-8FDC-42A3-9474-1A3956D46DE8}") = "Api", "Api", "{E797E643-65B1-0F4A-2E88-7716F4384DEF}"
EndProject
Project("{2150E333-8FDC-42A3-9474-1A3956D46DE8}") = "Tests", "Tests", "{E7B18BBD-1BBE-758C-7974-144EC2DDEF95}"
EndProject
Project("{FAE04EC0-301F-11D3-BF4B-00C04F79EFBC}") = "Lab.Domain.Tests", "src\Services\Lab\Tests\Lab.Domain.Tests\Lab.Domain.Tests.csproj", "{65C074BD-69F4-4E9A-AED4-A5C963FC09C3}"
EndProject
Project("{2150E333-8FDC-42A3-9474-1A3956D46DE8}") = "Core", "Core", "{601D8409-C58A-1E91-0794-F55DDA47C04E}"
EndProject
Project("{FAE04EC0-301F-11D3-BF4B-00C04F79EFBC}") = "Lab.Application.Tests", "src\Services\Lab\Tests\Lab.Application.Tests\Lab.Application.Tests.csproj", "{373EBA62-43AB-4965-945E-2C0B12F9C7BA}"
EndProject
Global
	GlobalSection(SolutionConfigurationPlatforms) = preSolution
		Debug|Any CPU = Debug|Any CPU
		Debug|x64 = Debug|x64
		Debug|x86 = Debug|x86
		Release|Any CPU = Release|Any CPU
		Release|x64 = Release|x64
		Release|x86 = Release|x86
	EndGlobalSection
	GlobalSection(ProjectConfigurationPlatforms) = postSolution
		{4CFE1B1D-0EDF-4A70-AD8C-410A27196EF5}.Debug|Any CPU.ActiveCfg = Debug|Any CPU
		{4CFE1B1D-0EDF-4A70-AD8C-410A27196EF5}.Debug|Any CPU.Build.0 = Debug|Any CPU
		{4CFE1B1D-0EDF-4A70-AD8C-410A27196EF5}.Debug|x64.ActiveCfg = Debug|Any CPU
		{4CFE1B1D-0EDF-4A70-AD8C-410A27196EF5}.Debug|x64.Build.0 = Debug|Any CPU
		{4CFE1B1D-0EDF-4A70-AD8C-410A27196EF5}.Debug|x86.ActiveCfg = Debug|Any CPU
		{4CFE1B1D-0EDF-4A70-AD8C-410A27196EF5}.Debug|x86.Build.0 = Debug|Any CPU
		{4CFE1B1D-0EDF-4A70-AD8C-410A27196EF5}.Release|Any CPU.ActiveCfg = Release|Any CPU
		{4CFE1B1D-0EDF-4A70-AD8C-410A27196EF5}.Release|Any CPU.Build.0 = Release|Any CPU
		{4CFE1B1D-0EDF-4A70-AD8C-410A27196EF5}.Release|x64.ActiveCfg = Release|Any CPU
		{4CFE1B1D-0EDF-4A70-AD8C-410A27196EF5}.Release|x64.Build.0 = Release|Any CPU
		{4CFE1B1D-0EDF-4A70-AD8C-410A27196EF5}.Release|x86.ActiveCfg = Release|Any CPU
		{4CFE1B1D-0EDF-4A70-AD8C-410A27196EF5}.Release|x86.Build.0 = Release|Any CPU
		{0A798A22-9107-4A78-A19D-D59F5D06DD46}.Debug|Any CPU.ActiveCfg = Debug|Any CPU
		{0A798A22-9107-4A78-A19D-D59F5D06DD46}.Debug|Any CPU.Build.0 = Debug|Any CPU
		{0A798A22-9107-4A78-A19D-D59F5D06DD46}.Debug|x64.ActiveCfg = Debug|Any CPU
		{0A798A22-9107-4A78-A19D-D59F5D06DD46}.Debug|x64.Build.0 = Debug|Any CPU
		{0A798A22-9107-4A78-A19D-D59F5D06DD46}.Debug|x86.ActiveCfg = Debug|Any CPU
		{0A798A22-9107-4A78-A19D-D59F5D06DD46}.Debug|x86.Build.0 = Debug|Any CPU
		{0A798A22-9107-4A78-A19D-D59F5D06DD46}.Release|Any CPU.ActiveCfg = Release|Any CPU
		{0A798A22-9107-4A78-A19D-D59F5D06DD46}.Release|Any CPU.Build.0 = Release|Any CPU
		{0A798A22-9107-4A78-A19D-D59F5D06DD46}.Release|x64.ActiveCfg = Release|Any CPU
		{0A798A22-9107-4A78-A19D-D59F5D06DD46}.Release|x64.Build.0 = Release|Any CPU
		{0A798A22-9107-4A78-A19D-D59F5D06DD46}.Release|x86.ActiveCfg = Release|Any CPU
		{0A798A22-9107-4A78-A19D-D59F5D06DD46}.Release|x86.Build.0 = Release|Any CPU
		{670BC7AD-4F45-4247-8FD2-4D8E81A7357A}.Debug|Any CPU.ActiveCfg = Debug|Any CPU
		{670BC7AD-4F45-4247-8FD2-4D8E81A7357A}.Debug|Any CPU.Build.0 = Debug|Any CPU
		{670BC7AD-4F45-4247-8FD2-4D8E81A7357A}.Debug|x64.ActiveCfg = Debug|Any CPU
		{670BC7AD-4F45-4247-8FD2-4D8E81A7357A}.Debug|x64.Build.0 = Debug|Any CPU
		{670BC7AD-4F45-4247-8FD2-4D8E81A7357A}.Debug|x86.ActiveCfg = Debug|Any CPU
		{670BC7AD-4F45-4247-8FD2-4D8E81A7357A}.Debug|x86.Build.0 = Debug|Any CPU
		{670BC7AD-4F45-4247-8FD2-4D8E81A7357A}.Release|Any CPU.ActiveCfg = Release|Any CPU
		{670BC7AD-4F45-4247-8FD2-4D8E81A7357A}.Release|Any CPU.Build.0 = Release|Any CPU
		{670BC7AD-4F45-4247-8FD2-4D8E81A7357A}.Release|x64.ActiveCfg = Release|Any CPU
		{670BC7AD-4F45-4247-8FD2-4D8E81A7357A}.Release|x64.Build.0 = Release|Any CPU
		{670BC7AD-4F45-4247-8FD2-4D8E81A7357A}.Release|x86.ActiveCfg = Release|Any CPU
		{670BC7AD-4F45-4247-8FD2-4D8E81A7357A}.Release|x86.Build.0 = Release|Any CPU
		{ECD80DB3-7605-4C5C-9D87-EFD6C785063C}.Debug|Any CPU.ActiveCfg = Debug|Any CPU
		{ECD80DB3-7605-4C5C-9D87-EFD6C785063C}.Debug|Any CPU.Build.0 = Debug|Any CPU
		{ECD80DB3-7605-4C5C-9D87-EFD6C785063C}.Debug|x64.ActiveCfg = Debug|Any CPU
		{ECD80DB3-7605-4C5C-9D87-EFD6C785063C}.Debug|x64.Build.0 = Debug|Any CPU
		{ECD80DB3-7605-4C5C-9D87-EFD6C785063C}.Debug|x86.ActiveCfg = Debug|Any CPU
		{ECD80DB3-7605-4C5C-9D87-EFD6C785063C}.Debug|x86.Build.0 = Debug|Any CPU
		{ECD80DB3-7605-4C5C-9D87-EFD6C785063C}.Release|Any CPU.ActiveCfg = Release|Any CPU
		{ECD80DB3-7605-4C5C-9D87-EFD6C785063C}.Release|Any CPU.Build.0 = Release|Any CPU
		{ECD80DB3-7605-4C5C-9D87-EFD6C785063C}.Release|x64.ActiveCfg = Release|Any CPU
		{ECD80DB3-7605-4C5C-9D87-EFD6C785063C}.Release|x64.Build.0 = Release|Any CPU
		{ECD80DB3-7605-4C5C-9D87-EFD6C785063C}.Release|x86.ActiveCfg = Release|Any CPU
		{ECD80DB3-7605-4C5C-9D87-EFD6C785063C}.Release|x86.Build.0 = Release|Any CPU
		{6148ABA2-E0FD-4A7C-9F0C-E78D9BF86915}.Debug|Any CPU.ActiveCfg = Debug|Any CPU
		{6148ABA2-E0FD-4A7C-9F0C-E78D9BF86915}.Debug|Any CPU.Build.0 = Debug|Any CPU
		{6148ABA2-E0FD-4A7C-9F0C-E78D9BF86915}.Debug|x64.ActiveCfg = Debug|Any CPU
		{6148ABA2-E0FD-4A7C-9F0C-E78D9BF86915}.Debug|x64.Build.0 = Debug|Any CPU
		{6148ABA2-E0FD-4A7C-9F0C-E78D9BF86915}.Debug|x86.ActiveCfg = Debug|Any CPU
		{6148ABA2-E0FD-4A7C-9F0C-E78D9BF86915}.Debug|x86.Build.0 = Debug|Any CPU
		{6148ABA2-E0FD-4A7C-9F0C-E78D9BF86915}.Release|Any CPU.ActiveCfg = Release|Any CPU
		{6148ABA2-E0FD-4A7C-9F0C-E78D9BF86915}.Release|Any CPU.Build.0 = Release|Any CPU
		{6148ABA2-E0FD-4A7C-9F0C-E78D9BF86915}.Release|x64.ActiveCfg = Release|Any CPU
		{6148ABA2-E0FD-4A7C-9F0C-E78D9BF86915}.Release|x64.Build.0 = Release|Any CPU
		{6148ABA2-E0FD-4A7C-9F0C-E78D9BF86915}.Release|x86.ActiveCfg = Release|Any CPU
		{6148ABA2-E0FD-4A7C-9F0C-E78D9BF86915}.Release|x86.Build.0 = Release|Any CPU
		{E81148F5-6A52-4388-B2D0-3C2BFD556361}.Debug|Any CPU.ActiveCfg = Debug|Any CPU
		{E81148F5-6A52-4388-B2D0-3C2BFD556361}.Debug|Any CPU.Build.0 = Debug|Any CPU
		{E81148F5-6A52-4388-B2D0-3C2BFD556361}.Debug|x64.ActiveCfg = Debug|Any CPU
		{E81148F5-6A52-4388-B2D0-3C2BFD556361}.Debug|x64.Build.0 = Debug|Any CPU
		{E81148F5-6A52-4388-B2D0-3C2BFD556361}.Debug|x86.ActiveCfg = Debug|Any CPU
		{E81148F5-6A52-4388-B2D0-3C2BFD556361}.Debug|x86.Build.0 = Debug|Any CPU
		{E81148F5-6A52-4388-B2D0-3C2BFD556361}.Release|Any CPU.ActiveCfg = Release|Any CPU
		{E81148F5-6A52-4388-B2D0-3C2BFD556361}.Release|Any CPU.Build.0 = Release|Any CPU
		{E81148F5-6A52-4388-B2D0-3C2BFD556361}.Release|x64.ActiveCfg = Release|Any CPU
		{E81148F5-6A52-4388-B2D0-3C2BFD556361}.Release|x64.Build.0 = Release|Any CPU
		{E81148F5-6A52-4388-B2D0-3C2BFD556361}.Release|x86.ActiveCfg = Release|Any CPU
		{E81148F5-6A52-4388-B2D0-3C2BFD556361}.Release|x86.Build.0 = Release|Any CPU
		{7DDCD411-3FC9-44A7-B632-5F429315734A}.Debug|Any CPU.ActiveCfg = Debug|Any CPU
		{7DDCD411-3FC9-44A7-B632-5F429315734A}.Debug|Any CPU.Build.0 = Debug|Any CPU
		{7DDCD411-3FC9-44A7-B632-5F429315734A}.Debug|x64.ActiveCfg = Debug|Any CPU
		{7DDCD411-3FC9-44A7-B632-5F429315734A}.Debug|x64.Build.0 = Debug|Any CPU
		{7DDCD411-3FC9-44A7-B632-5F429315734A}.Debug|x86.ActiveCfg = Debug|Any CPU
		{7DDCD411-3FC9-44A7-B632-5F429315734A}.Debug|x86.Build.0 = Debug|Any CPU
		{7DDCD411-3FC9-44A7-B632-5F429315734A}.Release|Any CPU.ActiveCfg = Release|Any CPU
		{7DDCD411-3FC9-44A7-B632-5F429315734A}.Release|Any CPU.Build.0 = Release|Any CPU
		{7DDCD411-3FC9-44A7-B632-5F429315734A}.Release|x64.ActiveCfg = Release|Any CPU
		{7DDCD411-3FC9-44A7-B632-5F429315734A}.Release|x64.Build.0 = Release|Any CPU
		{7DDCD411-3FC9-44A7-B632-5F429315734A}.Release|x86.ActiveCfg = Release|Any CPU
		{7DDCD411-3FC9-44A7-B632-5F429315734A}.Release|x86.Build.0 = Release|Any CPU
		{2DD39645-7E84-4B8D-966E-3397D736E125}.Debug|Any CPU.ActiveCfg = Debug|Any CPU
		{2DD39645-7E84-4B8D-966E-3397D736E125}.Debug|Any CPU.Build.0 = Debug|Any CPU
		{2DD39645-7E84-4B8D-966E-3397D736E125}.Debug|x64.ActiveCfg = Debug|Any CPU
		{2DD39645-7E84-4B8D-966E-3397D736E125}.Debug|x64.Build.0 = Debug|Any CPU
		{2DD39645-7E84-4B8D-966E-3397D736E125}.Debug|x86.ActiveCfg = Debug|Any CPU
		{2DD39645-7E84-4B8D-966E-3397D736E125}.Debug|x86.Build.0 = Debug|Any CPU
		{2DD39645-7E84-4B8D-966E-3397D736E125}.Release|Any CPU.ActiveCfg = Release|Any CPU
		{2DD39645-7E84-4B8D-966E-3397D736E125}.Release|Any CPU.Build.0 = Release|Any CPU
		{2DD39645-7E84-4B8D-966E-3397D736E125}.Release|x64.ActiveCfg = Release|Any CPU
		{2DD39645-7E84-4B8D-966E-3397D736E125}.Release|x64.Build.0 = Release|Any CPU
		{2DD39645-7E84-4B8D-966E-3397D736E125}.Release|x86.ActiveCfg = Release|Any CPU
		{2DD39645-7E84-4B8D-966E-3397D736E125}.Release|x86.Build.0 = Release|Any CPU
		{DCA575CF-398C-4FE6-963E-37CEA9959D87}.Debug|Any CPU.ActiveCfg = Debug|Any CPU
		{DCA575CF-398C-4FE6-963E-37CEA9959D87}.Debug|Any CPU.Build.0 = Debug|Any CPU
		{DCA575CF-398C-4FE6-963E-37CEA9959D87}.Debug|x64.ActiveCfg = Debug|Any CPU
		{DCA575CF-398C-4FE6-963E-37CEA9959D87}.Debug|x64.Build.0 = Debug|Any CPU
		{DCA575CF-398C-4FE6-963E-37CEA9959D87}.Debug|x86.ActiveCfg = Debug|Any CPU
		{DCA575CF-398C-4FE6-963E-37CEA9959D87}.Debug|x86.Build.0 = Debug|Any CPU
		{DCA575CF-398C-4FE6-963E-37CEA9959D87}.Release|Any CPU.ActiveCfg = Release|Any CPU
		{DCA575CF-398C-4FE6-963E-37CEA9959D87}.Release|Any CPU.Build.0 = Release|Any CPU
		{DCA575CF-398C-4FE6-963E-37CEA9959D87}.Release|x64.ActiveCfg = Release|Any CPU
		{DCA575CF-398C-4FE6-963E-37CEA9959D87}.Release|x64.Build.0 = Release|Any CPU
		{DCA575CF-398C-4FE6-963E-37CEA9959D87}.Release|x86.ActiveCfg = Release|Any CPU
		{DCA575CF-398C-4FE6-963E-37CEA9959D87}.Release|x86.Build.0 = Release|Any CPU
		{80D8804E-B4DF-4B05-AD8D-4D52705EAD50}.Debug|Any CPU.ActiveCfg = Debug|Any CPU
		{80D8804E-B4DF-4B05-AD8D-4D52705EAD50}.Debug|Any CPU.Build.0 = Debug|Any CPU
		{80D8804E-B4DF-4B05-AD8D-4D52705EAD50}.Debug|x64.ActiveCfg = Debug|Any CPU
		{80D8804E-B4DF-4B05-AD8D-4D52705EAD50}.Debug|x64.Build.0 = Debug|Any CPU
		{80D8804E-B4DF-4B05-AD8D-4D52705EAD50}.Debug|x86.ActiveCfg = Debug|Any CPU
		{80D8804E-B4DF-4B05-AD8D-4D52705EAD50}.Debug|x86.Build.0 = Debug|Any CPU
		{80D8804E-B4DF-4B05-AD8D-4D52705EAD50}.Release|Any CPU.ActiveCfg = Release|Any CPU
		{80D8804E-B4DF-4B05-AD8D-4D52705EAD50}.Release|Any CPU.Build.0 = Release|Any CPU
		{80D8804E-B4DF-4B05-AD8D-4D52705EAD50}.Release|x64.ActiveCfg = Release|Any CPU
		{80D8804E-B4DF-4B05-AD8D-4D52705EAD50}.Release|x64.Build.0 = Release|Any CPU
		{80D8804E-B4DF-4B05-AD8D-4D52705EAD50}.Release|x86.ActiveCfg = Release|Any CPU
		{80D8804E-B4DF-4B05-AD8D-4D52705EAD50}.Release|x86.Build.0 = Release|Any CPU
		{0B0A2C7B-775C-4AA5-BB8D-2BF4E78302AE}.Debug|Any CPU.ActiveCfg = Debug|Any CPU
		{0B0A2C7B-775C-4AA5-BB8D-2BF4E78302AE}.Debug|Any CPU.Build.0 = Debug|Any CPU
		{0B0A2C7B-775C-4AA5-BB8D-2BF4E78302AE}.Debug|x64.ActiveCfg = Debug|Any CPU
		{0B0A2C7B-775C-4AA5-BB8D-2BF4E78302AE}.Debug|x64.Build.0 = Debug|Any CPU
		{0B0A2C7B-775C-4AA5-BB8D-2BF4E78302AE}.Debug|x86.ActiveCfg = Debug|Any CPU
		{0B0A2C7B-775C-4AA5-BB8D-2BF4E78302AE}.Debug|x86.Build.0 = Debug|Any CPU
		{0B0A2C7B-775C-4AA5-BB8D-2BF4E78302AE}.Release|Any CPU.ActiveCfg = Release|Any CPU
		{0B0A2C7B-775C-4AA5-BB8D-2BF4E78302AE}.Release|Any CPU.Build.0 = Release|Any CPU
		{0B0A2C7B-775C-4AA5-BB8D-2BF4E78302AE}.Release|x64.ActiveCfg = Release|Any CPU
		{0B0A2C7B-775C-4AA5-BB8D-2BF4E78302AE}.Release|x64.Build.0 = Release|Any CPU
		{0B0A2C7B-775C-4AA5-BB8D-2BF4E78302AE}.Release|x86.ActiveCfg = Release|Any CPU
		{0B0A2C7B-775C-4AA5-BB8D-2BF4E78302AE}.Release|x86.Build.0 = Release|Any CPU
		{8005893A-E766-4BC1-8238-F497CC70C1FB}.Debug|Any CPU.ActiveCfg = Debug|Any CPU
		{8005893A-E766-4BC1-8238-F497CC70C1FB}.Debug|Any CPU.Build.0 = Debug|Any CPU
		{8005893A-E766-4BC1-8238-F497CC70C1FB}.Debug|x64.ActiveCfg = Debug|Any CPU
		{8005893A-E766-4BC1-8238-F497CC70C1FB}.Debug|x64.Build.0 = Debug|Any CPU
		{8005893A-E766-4BC1-8238-F497CC70C1FB}.Debug|x86.ActiveCfg = Debug|Any CPU
		{8005893A-E766-4BC1-8238-F497CC70C1FB}.Debug|x86.Build.0 = Debug|Any CPU
		{8005893A-E766-4BC1-8238-F497CC70C1FB}.Release|Any CPU.ActiveCfg = Release|Any CPU
		{8005893A-E766-4BC1-8238-F497CC70C1FB}.Release|Any CPU.Build.0 = Release|Any CPU
		{8005893A-E766-4BC1-8238-F497CC70C1FB}.Release|x64.ActiveCfg = Release|Any CPU
		{8005893A-E766-4BC1-8238-F497CC70C1FB}.Release|x64.Build.0 = Release|Any CPU
		{8005893A-E766-4BC1-8238-F497CC70C1FB}.Release|x86.ActiveCfg = Release|Any CPU
		{8005893A-E766-4BC1-8238-F497CC70C1FB}.Release|x86.Build.0 = Release|Any CPU
		{0A23C9ED-1468-45FA-9501-05A97590176B}.Debug|Any CPU.ActiveCfg = Debug|Any CPU
		{0A23C9ED-1468-45FA-9501-05A97590176B}.Debug|Any CPU.Build.0 = Debug|Any CPU
		{0A23C9ED-1468-45FA-9501-05A97590176B}.Debug|x64.ActiveCfg = Debug|Any CPU
		{0A23C9ED-1468-45FA-9501-05A97590176B}.Debug|x64.Build.0 = Debug|Any CPU
		{0A23C9ED-1468-45FA-9501-05A97590176B}.Debug|x86.ActiveCfg = Debug|Any CPU
		{0A23C9ED-1468-45FA-9501-05A97590176B}.Debug|x86.Build.0 = Debug|Any CPU
		{0A23C9ED-1468-45FA-9501-05A97590176B}.Release|Any CPU.ActiveCfg = Release|Any CPU
		{0A23C9ED-1468-45FA-9501-05A97590176B}.Release|Any CPU.Build.0 = Release|Any CPU
		{0A23C9ED-1468-45FA-9501-05A97590176B}.Release|x64.ActiveCfg = Release|Any CPU
		{0A23C9ED-1468-45FA-9501-05A97590176B}.Release|x64.Build.0 = Release|Any CPU
		{0A23C9ED-1468-45FA-9501-05A97590176B}.Release|x86.ActiveCfg = Release|Any CPU
		{0A23C9ED-1468-45FA-9501-05A97590176B}.Release|x86.Build.0 = Release|Any CPU
		{DF626DFC-17B7-42BF-9272-D368179E2856}.Debug|Any CPU.ActiveCfg = Debug|Any CPU
		{DF626DFC-17B7-42BF-9272-D368179E2856}.Debug|Any CPU.Build.0 = Debug|Any CPU
		{DF626DFC-17B7-42BF-9272-D368179E2856}.Debug|x64.ActiveCfg = Debug|Any CPU
		{DF626DFC-17B7-42BF-9272-D368179E2856}.Debug|x64.Build.0 = Debug|Any CPU
		{DF626DFC-17B7-42BF-9272-D368179E2856}.Debug|x86.ActiveCfg = Debug|Any CPU
		{DF626DFC-17B7-42BF-9272-D368179E2856}.Debug|x86.Build.0 = Debug|Any CPU
		{DF626DFC-17B7-42BF-9272-D368179E2856}.Release|Any CPU.ActiveCfg = Release|Any CPU
		{DF626DFC-17B7-42BF-9272-D368179E2856}.Release|Any CPU.Build.0 = Release|Any CPU
		{DF626DFC-17B7-42BF-9272-D368179E2856}.Release|x64.ActiveCfg = Release|Any CPU
		{DF626DFC-17B7-42BF-9272-D368179E2856}.Release|x64.Build.0 = Release|Any CPU
		{DF626DFC-17B7-42BF-9272-D368179E2856}.Release|x86.ActiveCfg = Release|Any CPU
		{DF626DFC-17B7-42BF-9272-D368179E2856}.Release|x86.Build.0 = Release|Any CPU
		{8CEA095F-CE70-4328-A9DB-736A0BB4AC5D}.Debug|Any CPU.ActiveCfg = Debug|Any CPU
		{8CEA095F-CE70-4328-A9DB-736A0BB4AC5D}.Debug|Any CPU.Build.0 = Debug|Any CPU
		{8CEA095F-CE70-4328-A9DB-736A0BB4AC5D}.Debug|x64.ActiveCfg = Debug|Any CPU
		{8CEA095F-CE70-4328-A9DB-736A0BB4AC5D}.Debug|x64.Build.0 = Debug|Any CPU
		{8CEA095F-CE70-4328-A9DB-736A0BB4AC5D}.Debug|x86.ActiveCfg = Debug|Any CPU
		{8CEA095F-CE70-4328-A9DB-736A0BB4AC5D}.Debug|x86.Build.0 = Debug|Any CPU
		{8CEA095F-CE70-4328-A9DB-736A0BB4AC5D}.Release|Any CPU.ActiveCfg = Release|Any CPU
		{8CEA095F-CE70-4328-A9DB-736A0BB4AC5D}.Release|Any CPU.Build.0 = Release|Any CPU
		{8CEA095F-CE70-4328-A9DB-736A0BB4AC5D}.Release|x64.ActiveCfg = Release|Any CPU
		{8CEA095F-CE70-4328-A9DB-736A0BB4AC5D}.Release|x64.Build.0 = Release|Any CPU
		{8CEA095F-CE70-4328-A9DB-736A0BB4AC5D}.Release|x86.ActiveCfg = Release|Any CPU
		{8CEA095F-CE70-4328-A9DB-736A0BB4AC5D}.Release|x86.Build.0 = Release|Any CPU
		{A1B2C3D4-E5F6-4789-A1B2-C3D4E5F67890}.Debug|Any CPU.ActiveCfg = Debug|Any CPU
		{A1B2C3D4-E5F6-4789-A1B2-C3D4E5F67890}.Debug|Any CPU.Build.0 = Debug|Any CPU
		{A1B2C3D4-E5F6-4789-A1B2-C3D4E5F67890}.Debug|x64.ActiveCfg = Debug|Any CPU
		{A1B2C3D4-E5F6-4789-A1B2-C3D4E5F67890}.Debug|x64.Build.0 = Debug|Any CPU
		{A1B2C3D4-E5F6-4789-A1B2-C3D4E5F67890}.Debug|x86.ActiveCfg = Debug|Any CPU
		{A1B2C3D4-E5F6-4789-A1B2-C3D4E5F67890}.Debug|x86.Build.0 = Debug|Any CPU
		{A1B2C3D4-E5F6-4789-A1B2-C3D4E5F67890}.Release|Any CPU.ActiveCfg = Release|Any CPU
		{A1B2C3D4-E5F6-4789-A1B2-C3D4E5F67890}.Release|Any CPU.Build.0 = Release|Any CPU
		{A1B2C3D4-E5F6-4789-A1B2-C3D4E5F67890}.Release|x64.ActiveCfg = Release|Any CPU
		{A1B2C3D4-E5F6-4789-A1B2-C3D4E5F67890}.Release|x64.Build.0 = Release|Any CPU
		{A1B2C3D4-E5F6-4789-A1B2-C3D4E5F67890}.Release|x86.ActiveCfg = Release|Any CPU
		{A1B2C3D4-E5F6-4789-A1B2-C3D4E5F67890}.Release|x86.Build.0 = Release|Any CPU
		{B2C3D4E5-F678-4901-B2C3-D4E5F6789012}.Debug|Any CPU.ActiveCfg = Debug|Any CPU
		{B2C3D4E5-F678-4901-B2C3-D4E5F6789012}.Debug|Any CPU.Build.0 = Debug|Any CPU
		{B2C3D4E5-F678-4901-B2C3-D4E5F6789012}.Debug|x64.ActiveCfg = Debug|Any CPU
		{B2C3D4E5-F678-4901-B2C3-D4E5F6789012}.Debug|x64.Build.0 = Debug|Any CPU
		{B2C3D4E5-F678-4901-B2C3-D4E5F6789012}.Debug|x86.ActiveCfg = Debug|Any CPU
		{B2C3D4E5-F678-4901-B2C3-D4E5F6789012}.Debug|x86.Build.0 = Debug|Any CPU
		{B2C3D4E5-F678-4901-B2C3-D4E5F6789012}.Release|Any CPU.ActiveCfg = Release|Any CPU
		{B2C3D4E5-F678-4901-B2C3-D4E5F6789012}.Release|Any CPU.Build.0 = Release|Any CPU
		{B2C3D4E5-F678-4901-B2C3-D4E5F6789012}.Release|x64.ActiveCfg = Release|Any CPU
		{B2C3D4E5-F678-4901-B2C3-D4E5F6789012}.Release|x64.Build.0 = Release|Any CPU
		{B2C3D4E5-F678-4901-B2C3-D4E5F6789012}.Release|x86.ActiveCfg = Release|Any CPU
		{B2C3D4E5-F678-4901-B2C3-D4E5F6789012}.Release|x86.Build.0 = Release|Any CPU
		{AA435EC4-FF37-43CA-B9EC-050EB7449181}.Debug|Any CPU.ActiveCfg = Debug|Any CPU
		{AA435EC4-FF37-43CA-B9EC-050EB7449181}.Debug|Any CPU.Build.0 = Debug|Any CPU
		{AA435EC4-FF37-43CA-B9EC-050EB7449181}.Debug|x64.ActiveCfg = Debug|Any CPU
		{AA435EC4-FF37-43CA-B9EC-050EB7449181}.Debug|x64.Build.0 = Debug|Any CPU
		{AA435EC4-FF37-43CA-B9EC-050EB7449181}.Debug|x86.ActiveCfg = Debug|Any CPU
		{AA435EC4-FF37-43CA-B9EC-050EB7449181}.Debug|x86.Build.0 = Debug|Any CPU
		{AA435EC4-FF37-43CA-B9EC-050EB7449181}.Release|Any CPU.ActiveCfg = Release|Any CPU
		{AA435EC4-FF37-43CA-B9EC-050EB7449181}.Release|Any CPU.Build.0 = Release|Any CPU
		{AA435EC4-FF37-43CA-B9EC-050EB7449181}.Release|x64.ActiveCfg = Release|Any CPU
		{AA435EC4-FF37-43CA-B9EC-050EB7449181}.Release|x64.Build.0 = Release|Any CPU
		{AA435EC4-FF37-43CA-B9EC-050EB7449181}.Release|x86.ActiveCfg = Release|Any CPU
		{AA435EC4-FF37-43CA-B9EC-050EB7449181}.Release|x86.Build.0 = Release|Any CPU
		{C4B96380-DC12-41F5-8727-4C1DC7F8EA98}.Debug|Any CPU.ActiveCfg = Debug|Any CPU
		{C4B96380-DC12-41F5-8727-4C1DC7F8EA98}.Debug|Any CPU.Build.0 = Debug|Any CPU
		{C4B96380-DC12-41F5-8727-4C1DC7F8EA98}.Debug|x64.ActiveCfg = Debug|Any CPU
		{C4B96380-DC12-41F5-8727-4C1DC7F8EA98}.Debug|x64.Build.0 = Debug|Any CPU
		{C4B96380-DC12-41F5-8727-4C1DC7F8EA98}.Debug|x86.ActiveCfg = Debug|Any CPU
		{C4B96380-DC12-41F5-8727-4C1DC7F8EA98}.Debug|x86.Build.0 = Debug|Any CPU
		{C4B96380-DC12-41F5-8727-4C1DC7F8EA98}.Release|Any CPU.ActiveCfg = Release|Any CPU
		{C4B96380-DC12-41F5-8727-4C1DC7F8EA98}.Release|Any CPU.Build.0 = Release|Any CPU
		{C4B96380-DC12-41F5-8727-4C1DC7F8EA98}.Release|x64.ActiveCfg = Release|Any CPU
		{C4B96380-DC12-41F5-8727-4C1DC7F8EA98}.Release|x64.Build.0 = Release|Any CPU
		{C4B96380-DC12-41F5-8727-4C1DC7F8EA98}.Release|x86.ActiveCfg = Release|Any CPU
		{C4B96380-DC12-41F5-8727-4C1DC7F8EA98}.Release|x86.Build.0 = Release|Any CPU
		{D8FF2E76-72C1-4D55-B428-65EB48A369A8}.Debug|Any CPU.ActiveCfg = Debug|Any CPU
		{D8FF2E76-72C1-4D55-B428-65EB48A369A8}.Debug|Any CPU.Build.0 = Debug|Any CPU
		{D8FF2E76-72C1-4D55-B428-65EB48A369A8}.Debug|x64.ActiveCfg = Debug|Any CPU
		{D8FF2E76-72C1-4D55-B428-65EB48A369A8}.Debug|x64.Build.0 = Debug|Any CPU
		{D8FF2E76-72C1-4D55-B428-65EB48A369A8}.Debug|x86.ActiveCfg = Debug|Any CPU
		{D8FF2E76-72C1-4D55-B428-65EB48A369A8}.Debug|x86.Build.0 = Debug|Any CPU
		{D8FF2E76-72C1-4D55-B428-65EB48A369A8}.Release|Any CPU.ActiveCfg = Release|Any CPU
		{D8FF2E76-72C1-4D55-B428-65EB48A369A8}.Release|Any CPU.Build.0 = Release|Any CPU
		{D8FF2E76-72C1-4D55-B428-65EB48A369A8}.Release|x64.ActiveCfg = Release|Any CPU
		{D8FF2E76-72C1-4D55-B428-65EB48A369A8}.Release|x64.Build.0 = Release|Any CPU
		{D8FF2E76-72C1-4D55-B428-65EB48A369A8}.Release|x86.ActiveCfg = Release|Any CPU
		{D8FF2E76-72C1-4D55-B428-65EB48A369A8}.Release|x86.Build.0 = Release|Any CPU
		{CA5792EF-DAEA-49BC-B74C-514A9E003A94}.Debug|Any CPU.ActiveCfg = Debug|Any CPU
		{CA5792EF-DAEA-49BC-B74C-514A9E003A94}.Debug|Any CPU.Build.0 = Debug|Any CPU
		{CA5792EF-DAEA-49BC-B74C-514A9E003A94}.Debug|x64.ActiveCfg = Debug|Any CPU
		{CA5792EF-DAEA-49BC-B74C-514A9E003A94}.Debug|x64.Build.0 = Debug|Any CPU
		{CA5792EF-DAEA-49BC-B74C-514A9E003A94}.Debug|x86.ActiveCfg = Debug|Any CPU
		{CA5792EF-DAEA-49BC-B74C-514A9E003A94}.Debug|x86.Build.0 = Debug|Any CPU
		{CA5792EF-DAEA-49BC-B74C-514A9E003A94}.Release|Any CPU.ActiveCfg = Release|Any CPU
		{CA5792EF-DAEA-49BC-B74C-514A9E003A94}.Release|Any CPU.Build.0 = Release|Any CPU
		{CA5792EF-DAEA-49BC-B74C-514A9E003A94}.Release|x64.ActiveCfg = Release|Any CPU
		{CA5792EF-DAEA-49BC-B74C-514A9E003A94}.Release|x64.Build.0 = Release|Any CPU
		{CA5792EF-DAEA-49BC-B74C-514A9E003A94}.Release|x86.ActiveCfg = Release|Any CPU
		{CA5792EF-DAEA-49BC-B74C-514A9E003A94}.Release|x86.Build.0 = Release|Any CPU
		{14783A2C-8C78-4729-8275-0BBE372047F1}.Debug|Any CPU.ActiveCfg = Debug|Any CPU
		{14783A2C-8C78-4729-8275-0BBE372047F1}.Debug|Any CPU.Build.0 = Debug|Any CPU
		{14783A2C-8C78-4729-8275-0BBE372047F1}.Debug|x64.ActiveCfg = Debug|Any CPU
		{14783A2C-8C78-4729-8275-0BBE372047F1}.Debug|x64.Build.0 = Debug|Any CPU
		{14783A2C-8C78-4729-8275-0BBE372047F1}.Debug|x86.ActiveCfg = Debug|Any CPU
		{14783A2C-8C78-4729-8275-0BBE372047F1}.Debug|x86.Build.0 = Debug|Any CPU
		{14783A2C-8C78-4729-8275-0BBE372047F1}.Release|Any CPU.ActiveCfg = Release|Any CPU
		{14783A2C-8C78-4729-8275-0BBE372047F1}.Release|Any CPU.Build.0 = Release|Any CPU
		{14783A2C-8C78-4729-8275-0BBE372047F1}.Release|x64.ActiveCfg = Release|Any CPU
		{14783A2C-8C78-4729-8275-0BBE372047F1}.Release|x64.Build.0 = Release|Any CPU
		{14783A2C-8C78-4729-8275-0BBE372047F1}.Release|x86.ActiveCfg = Release|Any CPU
		{14783A2C-8C78-4729-8275-0BBE372047F1}.Release|x86.Build.0 = Release|Any CPU
		{E63ACAC3-80EB-4414-A1F3-9E87665C7848}.Debug|Any CPU.ActiveCfg = Debug|Any CPU
		{E63ACAC3-80EB-4414-A1F3-9E87665C7848}.Debug|Any CPU.Build.0 = Debug|Any CPU
		{E63ACAC3-80EB-4414-A1F3-9E87665C7848}.Debug|x64.ActiveCfg = Debug|Any CPU
		{E63ACAC3-80EB-4414-A1F3-9E87665C7848}.Debug|x64.Build.0 = Debug|Any CPU
		{E63ACAC3-80EB-4414-A1F3-9E87665C7848}.Debug|x86.ActiveCfg = Debug|Any CPU
		{E63ACAC3-80EB-4414-A1F3-9E87665C7848}.Debug|x86.Build.0 = Debug|Any CPU
		{E63ACAC3-80EB-4414-A1F3-9E87665C7848}.Release|Any CPU.ActiveCfg = Release|Any CPU
		{E63ACAC3-80EB-4414-A1F3-9E87665C7848}.Release|Any CPU.Build.0 = Release|Any CPU
		{E63ACAC3-80EB-4414-A1F3-9E87665C7848}.Release|x64.ActiveCfg = Release|Any CPU
		{E63ACAC3-80EB-4414-A1F3-9E87665C7848}.Release|x64.Build.0 = Release|Any CPU
		{E63ACAC3-80EB-4414-A1F3-9E87665C7848}.Release|x86.ActiveCfg = Release|Any CPU
		{E63ACAC3-80EB-4414-A1F3-9E87665C7848}.Release|x86.Build.0 = Release|Any CPU
		{198B059F-A334-472E-B367-F80282FC954E}.Debug|Any CPU.ActiveCfg = Debug|Any CPU
		{198B059F-A334-472E-B367-F80282FC954E}.Debug|Any CPU.Build.0 = Debug|Any CPU
		{198B059F-A334-472E-B367-F80282FC954E}.Debug|x64.ActiveCfg = Debug|Any CPU
		{198B059F-A334-472E-B367-F80282FC954E}.Debug|x64.Build.0 = Debug|Any CPU
		{198B059F-A334-472E-B367-F80282FC954E}.Debug|x86.ActiveCfg = Debug|Any CPU
		{198B059F-A334-472E-B367-F80282FC954E}.Debug|x86.Build.0 = Debug|Any CPU
		{198B059F-A334-472E-B367-F80282FC954E}.Release|Any CPU.ActiveCfg = Release|Any CPU
		{198B059F-A334-472E-B367-F80282FC954E}.Release|Any CPU.Build.0 = Release|Any CPU
		{198B059F-A334-472E-B367-F80282FC954E}.Release|x64.ActiveCfg = Release|Any CPU
		{198B059F-A334-472E-B367-F80282FC954E}.Release|x64.Build.0 = Release|Any CPU
		{198B059F-A334-472E-B367-F80282FC954E}.Release|x86.ActiveCfg = Release|Any CPU
		{198B059F-A334-472E-B367-F80282FC954E}.Release|x86.Build.0 = Release|Any CPU
		{AAD41E76-16C1-48B7-A422-1D3F6E3DFCCF}.Debug|Any CPU.ActiveCfg = Debug|Any CPU
		{AAD41E76-16C1-48B7-A422-1D3F6E3DFCCF}.Debug|Any CPU.Build.0 = Debug|Any CPU
		{AAD41E76-16C1-48B7-A422-1D3F6E3DFCCF}.Debug|x64.ActiveCfg = Debug|Any CPU
		{AAD41E76-16C1-48B7-A422-1D3F6E3DFCCF}.Debug|x64.Build.0 = Debug|Any CPU
		{AAD41E76-16C1-48B7-A422-1D3F6E3DFCCF}.Debug|x86.ActiveCfg = Debug|Any CPU
		{AAD41E76-16C1-48B7-A422-1D3F6E3DFCCF}.Debug|x86.Build.0 = Debug|Any CPU
		{AAD41E76-16C1-48B7-A422-1D3F6E3DFCCF}.Release|Any CPU.ActiveCfg = Release|Any CPU
		{AAD41E76-16C1-48B7-A422-1D3F6E3DFCCF}.Release|Any CPU.Build.0 = Release|Any CPU
		{AAD41E76-16C1-48B7-A422-1D3F6E3DFCCF}.Release|x64.ActiveCfg = Release|Any CPU
		{AAD41E76-16C1-48B7-A422-1D3F6E3DFCCF}.Release|x64.Build.0 = Release|Any CPU
		{AAD41E76-16C1-48B7-A422-1D3F6E3DFCCF}.Release|x86.ActiveCfg = Release|Any CPU
		{AAD41E76-16C1-48B7-A422-1D3F6E3DFCCF}.Release|x86.Build.0 = Release|Any CPU
		{AE2A0931-14F6-4D74-844F-A2497C4F3163}.Debug|Any CPU.ActiveCfg = Debug|Any CPU
		{AE2A0931-14F6-4D74-844F-A2497C4F3163}.Debug|Any CPU.Build.0 = Debug|Any CPU
		{AE2A0931-14F6-4D74-844F-A2497C4F3163}.Debug|x64.ActiveCfg = Debug|Any CPU
		{AE2A0931-14F6-4D74-844F-A2497C4F3163}.Debug|x64.Build.0 = Debug|Any CPU
		{AE2A0931-14F6-4D74-844F-A2497C4F3163}.Debug|x86.ActiveCfg = Debug|Any CPU
		{AE2A0931-14F6-4D74-844F-A2497C4F3163}.Debug|x86.Build.0 = Debug|Any CPU
		{AE2A0931-14F6-4D74-844F-A2497C4F3163}.Release|Any CPU.ActiveCfg = Release|Any CPU
		{AE2A0931-14F6-4D74-844F-A2497C4F3163}.Release|Any CPU.Build.0 = Release|Any CPU
		{AE2A0931-14F6-4D74-844F-A2497C4F3163}.Release|x64.ActiveCfg = Release|Any CPU
		{AE2A0931-14F6-4D74-844F-A2497C4F3163}.Release|x64.Build.0 = Release|Any CPU
		{AE2A0931-14F6-4D74-844F-A2497C4F3163}.Release|x86.ActiveCfg = Release|Any CPU
		{AE2A0931-14F6-4D74-844F-A2497C4F3163}.Release|x86.Build.0 = Release|Any CPU
		{65C074BD-69F4-4E9A-AED4-A5C963FC09C3}.Debug|Any CPU.ActiveCfg = Debug|Any CPU
		{65C074BD-69F4-4E9A-AED4-A5C963FC09C3}.Debug|Any CPU.Build.0 = Debug|Any CPU
		{65C074BD-69F4-4E9A-AED4-A5C963FC09C3}.Debug|x64.ActiveCfg = Debug|Any CPU
		{65C074BD-69F4-4E9A-AED4-A5C963FC09C3}.Debug|x64.Build.0 = Debug|Any CPU
		{65C074BD-69F4-4E9A-AED4-A5C963FC09C3}.Debug|x86.ActiveCfg = Debug|Any CPU
		{65C074BD-69F4-4E9A-AED4-A5C963FC09C3}.Debug|x86.Build.0 = Debug|Any CPU
		{65C074BD-69F4-4E9A-AED4-A5C963FC09C3}.Release|Any CPU.ActiveCfg = Release|Any CPU
		{65C074BD-69F4-4E9A-AED4-A5C963FC09C3}.Release|Any CPU.Build.0 = Release|Any CPU
		{65C074BD-69F4-4E9A-AED4-A5C963FC09C3}.Release|x64.ActiveCfg = Release|Any CPU
		{65C074BD-69F4-4E9A-AED4-A5C963FC09C3}.Release|x64.Build.0 = Release|Any CPU
		{65C074BD-69F4-4E9A-AED4-A5C963FC09C3}.Release|x86.ActiveCfg = Release|Any CPU
		{65C074BD-69F4-4E9A-AED4-A5C963FC09C3}.Release|x86.Build.0 = Release|Any CPU
		{373EBA62-43AB-4965-945E-2C0B12F9C7BA}.Debug|Any CPU.ActiveCfg = Debug|Any CPU
		{373EBA62-43AB-4965-945E-2C0B12F9C7BA}.Debug|Any CPU.Build.0 = Debug|Any CPU
		{373EBA62-43AB-4965-945E-2C0B12F9C7BA}.Debug|x64.ActiveCfg = Debug|Any CPU
		{373EBA62-43AB-4965-945E-2C0B12F9C7BA}.Debug|x64.Build.0 = Debug|Any CPU
		{373EBA62-43AB-4965-945E-2C0B12F9C7BA}.Debug|x86.ActiveCfg = Debug|Any CPU
		{373EBA62-43AB-4965-945E-2C0B12F9C7BA}.Debug|x86.Build.0 = Debug|Any CPU
		{373EBA62-43AB-4965-945E-2C0B12F9C7BA}.Release|Any CPU.ActiveCfg = Release|Any CPU
		{373EBA62-43AB-4965-945E-2C0B12F9C7BA}.Release|Any CPU.Build.0 = Release|Any CPU
		{373EBA62-43AB-4965-945E-2C0B12F9C7BA}.Release|x64.ActiveCfg = Release|Any CPU
		{373EBA62-43AB-4965-945E-2C0B12F9C7BA}.Release|x64.Build.0 = Release|Any CPU
		{373EBA62-43AB-4965-945E-2C0B12F9C7BA}.Release|x86.ActiveCfg = Release|Any CPU
		{373EBA62-43AB-4965-945E-2C0B12F9C7BA}.Release|x86.Build.0 = Release|Any CPU
	EndGlobalSection
	GlobalSection(SolutionProperties) = preSolution
		HideSolutionNode = FALSE
	EndGlobalSection
	GlobalSection(NestedProjects) = preSolution
		{984BB9B3-3FA3-BE33-9484-CAC21695A33C} = {827E0CD3-B72D-47B6-A68D-7590B98EB39B}
		{6792783D-ADFB-1DC9-8301-92642CD8F804} = {984BB9B3-3FA3-BE33-9484-CAC21695A33C}
		{D17CA0C3-8572-91F2-E032-9B245F02DB45} = {6792783D-ADFB-1DC9-8301-92642CD8F804}
		{DF626DFC-17B7-42BF-9272-D368179E2856} = {D17CA0C3-8572-91F2-E032-9B245F02DB45}
		{8CEA095F-CE70-4328-A9DB-736A0BB4AC5D} = {D17CA0C3-8572-91F2-E032-9B245F02DB45}
		{A1B2C3D4-E5F6-4789-A1B2-C3D4E5F67890} = {D17CA0C3-8572-91F2-E032-9B245F02DB45}
		{3815B181-15B7-E621-26BA-808A8A08B566} = {6792783D-ADFB-1DC9-8301-92642CD8F804}
		{B2C3D4E5-F678-4901-B2C3-D4E5F6789012} = {3815B181-15B7-E621-26BA-808A8A08B566}
		{AFE8CD67-B26D-8F4B-4535-AF13193733A8} = {984BB9B3-3FA3-BE33-9484-CAC21695A33C}
		{D05A3A3E-3897-CABB-D667-3A508A92B4D7} = {AFE8CD67-B26D-8F4B-4535-AF13193733A8}
		{AA435EC4-FF37-43CA-B9EC-050EB7449181} = {D05A3A3E-3897-CABB-D667-3A508A92B4D7}
		{24C44B4A-52DA-F65B-C88B-71BAE197BE75} = {6792783D-ADFB-1DC9-8301-92642CD8F804}
		{C4B96380-DC12-41F5-8727-4C1DC7F8EA98} = {24C44B4A-52DA-F65B-C88B-71BAE197BE75}
		{D8FF2E76-72C1-4D55-B428-65EB48A369A8} = {24C44B4A-52DA-F65B-C88B-71BAE197BE75}
		{CA5792EF-DAEA-49BC-B74C-514A9E003A94} = {24C44B4A-52DA-F65B-C88B-71BAE197BE75}
		{14783A2C-8C78-4729-8275-0BBE372047F1} = {24C44B4A-52DA-F65B-C88B-71BAE197BE75}
		{FD472708-129A-5659-8362-23125246BE2E} = {984BB9B3-3FA3-BE33-9484-CAC21695A33C}
		{144F4664-6A9C-A880-71E9-6C3025B13875} = {FD472708-129A-5659-8362-23125246BE2E}
		{E63ACAC3-80EB-4414-A1F3-9E87665C7848} = {144F4664-6A9C-A880-71E9-6C3025B13875}
		{ADA7111A-2B9E-DB65-D23E-76E53A79D7B0} = {FD472708-129A-5659-8362-23125246BE2E}
		{198B059F-A334-472E-B367-F80282FC954E} = {144F4664-6A9C-A880-71E9-6C3025B13875}
		{AAD41E76-16C1-48B7-A422-1D3F6E3DFCCF} = {144F4664-6A9C-A880-71E9-6C3025B13875}
		{AE2A0931-14F6-4D74-844F-A2497C4F3163} = {144F4664-6A9C-A880-71E9-6C3025B13875}
		{E797E643-65B1-0F4A-2E88-7716F4384DEF} = {FD472708-129A-5659-8362-23125246BE2E}
		{E7B18BBD-1BBE-758C-7974-144EC2DDEF95} = {AFE8CD67-B26D-8F4B-4535-AF13193733A8}
		{65C074BD-69F4-4E9A-AED4-A5C963FC09C3} = {E7B18BBD-1BBE-758C-7974-144EC2DDEF95}
		{601D8409-C58A-1E91-0794-F55DDA47C04E} = {AFE8CD67-B26D-8F4B-4535-AF13193733A8}
		{373EBA62-43AB-4965-945E-2C0B12F9C7BA} = {E7B18BBD-1BBE-758C-7974-144EC2DDEF95}
	EndGlobalSection
	GlobalSection(ExtensibilityGlobals) = postSolution
		SolutionGuid = {97BB3918-584F-41D1-ABDB-420A5E607662}
	EndGlobalSection
EndGlobal
